
Microsoft Visual Studio Solution File, Format Version 12.00
# Visual Studio Version 17
VisualStudioVersion = 17.5.002.0
MinimumVisualStudioVersion = 10.0.40219.1
Project("{9A19103F-16F7-4668-BE54-9A1E7A4F7556}") = "BitBitesBios2023", "BitBitesBios2023.csproj", "{EA775638-BB48-4DD7-9DD0-CAE618A3865A}"
EndProject
Global
	GlobalSection(SolutionConfigurationPlatforms) = preSolution
		Debug|Any CPU = Debug|Any CPU
		Release|Any CPU = Release|Any CPU
	EndGlobalSection
	GlobalSection(ProjectConfigurationPlatforms) = postSolution
		{EA775638-BB48-4DD7-9DD0-CAE618A3865A}.Debug|Any CPU.ActiveCfg = Debug|Any CPU
		{EA775638-BB48-4DD7-9DD0-CAE618A3865A}.Debug|Any CPU.Build.0 = Debug|Any CPU
		{EA775638-BB48-4DD7-9DD0-CAE618A3865A}.Release|Any CPU.ActiveCfg = Release|Any CPU
		{EA775638-BB48-4DD7-9DD0-CAE618A3865A}.Release|Any CPU.Build.0 = Release|Any CPU
	EndGlobalSection
	GlobalSection(SolutionProperties) = preSolution
		HideSolutionNode = FALSE
	EndGlobalSection
	GlobalSection(ExtensibilityGlobals) = postSolution
		SolutionGuid = {BD36E27E-ECF8-4E87-BEAA-4D80E07B1C89}
	EndGlobalSection
EndGlobal
